# THIS IS AN AUTOGENERATED FILE. DO NOT EDIT THIS FILE DIRECTLY.
# yarn lockfile v1


"@aperturerobotics/ts-common@^0.6.7":
  version "0.6.7"
  resolved "https://registry.yarnpkg.com/@aperturerobotics/ts-common/-/ts-common-0.6.7.tgz#94ec2e6841fa8d3df1aed0dcf16441bde6b21f0a"
  integrity sha512-aEP51jXILZquCOZty2w8gNOOO/6Y/ZOQ1TIPqyhsLIDnEmFp+tXA6wyeDMPMbIB378TDB18K4cj9kqLhR2OViQ==
  dependencies:
    bufferutil "^4.0.7"
    long "^5.2.3"
    starpc "^0.21.2"
    utf-8-validate "^6.0.3"

"@chainsafe/is-ip@^2.0.1":
  version "2.0.2"
  resolved "https://registry.yarnpkg.com/@chainsafe/is-ip/-/is-ip-2.0.2.tgz#7311e7403f11d8c5cfa48111f56fcecaac37c9f6"
  integrity sha512-ndGqEMG1W5WkGagaqOZHpPU172AGdxr+LD15sv3WIUvT5oCFUrG1Y0CW/v2Egwj4JXEvSibaIIIqImsm98y1nA==

"@chainsafe/libp2p-yamux@^5.0.0":
  version "5.0.3"
  resolved "https://registry.yarnpkg.com/@chainsafe/libp2p-yamux/-/libp2p-yamux-5.0.3.tgz#a89d1f4ac4a0d8e65625f17e3a99d896c7927699"
  integrity sha512-I2g8eJFm4xvyrD9Z8+8RvqpCBqHiFtcOGrl4sQXPkktw0cY5hvXf0knIjOLacoNOdAPKG9MNscT4Vojp+sb6cw==
  dependencies:
    "@libp2p/interface" "^0.1.0"
    "@libp2p/logger" "^3.0.0"
    get-iterator "^2.0.1"
    it-foreach "^2.0.3"
    it-pipe "^3.0.1"
    it-pushable "^3.2.0"
    uint8arraylist "^2.4.3"

"@chainsafe/netmask@^2.0.0":
  version "2.0.0"
  resolved "https://registry.yarnpkg.com/@chainsafe/netmask/-/netmask-2.0.0.tgz#0d4a75f47919f65011da4327a3845c9661f1038a"
  integrity sha512-I3Z+6SWUoaljh3TBzCnCxjlUyN8tA+NAk5L6m9IxvCf1BENQTePzPMis97CoN/iMW1St3WN+AWCCRp+TTBRiDg==
  dependencies:
    "@chainsafe/is-ip" "^2.0.1"

"@libp2p/interface@^0.1.0", "@libp2p/interface@^0.1.1", "@libp2p/interface@^0.1.2", "@libp2p/interface@^0.1.6":
  version "0.1.6"
  resolved "https://registry.yarnpkg.com/@libp2p/interface/-/interface-0.1.6.tgz#1328cf6086f02c499183489ccb143fe9c159e871"
  integrity sha512-Lzc5cS/hXuoXhuAbVIxJIHLCYmfPcbU0vVgrpMoiP1Qb2Q3ETU4A46GB8s8mWXgSU6tr9RcqerUqzFYD6+OAag==
  dependencies:
    "@multiformats/multiaddr" "^12.1.5"
    abortable-iterator "^5.0.1"
    it-pushable "^3.2.0"
    it-stream-types "^2.0.1"
    multiformats "^12.0.1"
    p-defer "^4.0.0"
    race-signal "^1.0.0"
    uint8arraylist "^2.4.3"

"@libp2p/logger@^3.0.0":
  version "3.1.0"
  resolved "https://registry.yarnpkg.com/@libp2p/logger/-/logger-3.1.0.tgz#ac9adb08f344934e191d7049ce876ac0111449ce"
  integrity sha512-qJbJBAhxHVsRBtQSOIkSLi0lskUSFjzE+zm0QvoyxzZKSz+mX41mZLbnofPIVOVauoDQ40dXpe7WDUOq8AbiQQ==
  dependencies:
    "@libp2p/interface" "^0.1.6"
    "@multiformats/multiaddr" "^12.1.5"
    debug "^4.3.4"
    interface-datastore "^8.2.0"
    multiformats "^12.0.1"

"@multiformats/multiaddr@^12.1.5":
  version "12.1.10"
  resolved "https://registry.yarnpkg.com/@multiformats/multiaddr/-/multiaddr-12.1.10.tgz#a9c771ee84fe3fd4b2e3361aad38d3ff9e36939c"
  integrity sha512-Bi3nJ/SE17+te40OLxFOpr9CvRodusZZLYZb3e5a0w9RzQcHzfKnnlfqdysLXZ2W5vXgxCUL/Uhndl51Ff2S+Q==
  dependencies:
    "@chainsafe/is-ip" "^2.0.1"
    "@chainsafe/netmask" "^2.0.0"
    "@libp2p/interface" "^0.1.1"
    dns-over-http-resolver "3.0.0"
    multiformats "^12.0.1"
    uint8-varint "^2.0.1"
    uint8arrays "^4.0.2"

"@protobufjs/aspromise@^1.1.1", "@protobufjs/aspromise@^1.1.2":
  version "1.1.2"
  resolved "https://registry.yarnpkg.com/@protobufjs/aspromise/-/aspromise-1.1.2.tgz#9b8b0cc663d669a7d8f6f5d0893a14d348f30fbf"
  integrity sha512-j+gKExEuLmKwvz3OgROXtrJ2UG2x8Ch2YZUxahh+s1F2HZ+wAceUNLkvy6zKCPVRkU++ZWQrdxsUeQXmcg4uoQ==

"@protobufjs/base64@^1.1.2":
  version "1.1.2"
  resolved "https://registry.yarnpkg.com/@protobufjs/base64/-/base64-1.1.2.tgz#4c85730e59b9a1f1f349047dbf24296034bb2735"
  integrity sha512-AZkcAA5vnN/v4PDqKyMR5lx7hZttPDgClv83E//FMNhR2TMcLUhfRUBHCmSl0oi9zMgDDqRUJkSxO3wm85+XLg==

"@protobufjs/codegen@^2.0.4":
  version "2.0.4"
  resolved "https://registry.yarnpkg.com/@protobufjs/codegen/-/codegen-2.0.4.tgz#7ef37f0d010fb028ad1ad59722e506d9262815cb"
  integrity sha512-YyFaikqM5sH0ziFZCN3xDC7zeGaB/d0IUb9CATugHWbd1FRFwWwt4ld4OYMPWu5a3Xe01mGAULCdqhMlPl29Jg==

"@protobufjs/eventemitter@^1.1.0":
  version "1.1.0"
  resolved "https://registry.yarnpkg.com/@protobufjs/eventemitter/-/eventemitter-1.1.0.tgz#355cbc98bafad5978f9ed095f397621f1d066b70"
  integrity sha512-j9ednRT81vYJ9OfVuXG6ERSTdEL1xVsNgqpkxMsbIabzSo3goCjDIveeGv5d03om39ML71RdmrGNjG5SReBP/Q==

"@protobufjs/fetch@^1.1.0":
  version "1.1.0"
  resolved "https://registry.yarnpkg.com/@protobufjs/fetch/-/fetch-1.1.0.tgz#ba99fb598614af65700c1619ff06d454b0d84c45"
  integrity sha512-lljVXpqXebpsijW71PZaCYeIcE5on1w5DlQy5WH6GLbFryLUrBD4932W/E2BSpfRJWseIL4v/KPgBFxDOIdKpQ==
  dependencies:
    "@protobufjs/aspromise" "^1.1.1"
    "@protobufjs/inquire" "^1.1.0"

"@protobufjs/float@^1.0.2":
  version "1.0.2"
  resolved "https://registry.yarnpkg.com/@protobufjs/float/-/float-1.0.2.tgz#5e9e1abdcb73fc0a7cb8b291df78c8cbd97b87d1"
  integrity sha512-Ddb+kVXlXst9d+R9PfTIxh1EdNkgoRe5tOX6t01f1lYWOvJnSPDBlG241QLzcyPdoNTsblLUdujGSE4RzrTZGQ==

"@protobufjs/inquire@^1.1.0":
  version "1.1.0"
  resolved "https://registry.yarnpkg.com/@protobufjs/inquire/-/inquire-1.1.0.tgz#ff200e3e7cf2429e2dcafc1140828e8cc638f089"
  integrity sha512-kdSefcPdruJiFMVSbn801t4vFK7KB/5gd2fYvrxhuJYg8ILrmn9SKSX2tZdV6V+ksulWqS7aXjBcRXl3wHoD9Q==

"@protobufjs/path@^1.1.2":
  version "1.1.2"
  resolved "https://registry.yarnpkg.com/@protobufjs/path/-/path-1.1.2.tgz#6cc2b20c5c9ad6ad0dccfd21ca7673d8d7fbf68d"
  integrity sha512-6JOcJ5Tm08dOHAbdR3GrvP+yUUfkjG5ePsHYczMFLq3ZmMkAD98cDgcT2iA1lJ9NVwFd4tH/iSSoe44YWkltEA==

"@protobufjs/pool@^1.1.0":
  version "1.1.0"
  resolved "https://registry.yarnpkg.com/@protobufjs/pool/-/pool-1.1.0.tgz#09fd15f2d6d3abfa9b65bc366506d6ad7846ff54"
  integrity sha512-0kELaGSIDBKvcgS4zkjz1PeddatrjYcmMWOlAuAPwAeccUrPHdUqo/J6LiymHHEiJT5NrF1UVwxY14f+fy4WQw==

"@protobufjs/utf8@^1.1.0":
  version "1.1.0"
  resolved "https://registry.yarnpkg.com/@protobufjs/utf8/-/utf8-1.1.0.tgz#a777360b5b39a1a2e5106f8e858f2fd2d060c570"
  integrity sha512-Vvn3zZrhQZkkBE8LSuW3em98c0FwgO4nxzv6OdSxPKJIEKY2bGbHn+mhGIPerzI4twdxaP8/0+06HBpwf345Lw==

"@types/node@*":
  version "20.9.3"
  resolved "https://registry.yarnpkg.com/@types/node/-/node-20.9.3.tgz#e089e1634436f676ff299596c9531bd2b59fffc6"
  integrity sha512-nk5wXLAXGBKfrhLB0cyHGbSqopS+nz0BUgZkUQqSHSSgdee0kssp1IAqlQOu333bW+gMNs2QREx7iynm19Abxw==
  dependencies:
    undici-types "~5.26.4"

"@types/node@>=13.7.0":
  version "20.10.3"
  resolved "https://registry.yarnpkg.com/@types/node/-/node-20.10.3.tgz#4900adcc7fc189d5af5bb41da8f543cea6962030"
  integrity sha512-XJavIpZqiXID5Yxnxv3RUDKTN5b81ddNC3ecsA0SoFXz/QU8OGBwZGMomiq0zw+uuqbL/krztv/DINAQ/EV4gg==
  dependencies:
    undici-types "~5.26.4"

"@types/ws@^8.2.2":
  version "8.5.10"
  resolved "https://registry.yarnpkg.com/@types/ws/-/ws-8.5.10.tgz#4acfb517970853fa6574a3a6886791d04a396787"
  integrity sha512-vmQSUcfalpIq0R9q7uTo2lXs6eGIpt9wtnLdMv9LVpIjCA/+ufZRozlVoVelIYixx1ugCBKDhn89vnsEGOCx9A==
  dependencies:
    "@types/node" "*"

"@yarnpkg/lockfile@^1.1.0":
  version "1.1.0"
  resolved "https://registry.yarnpkg.com/@yarnpkg/lockfile/-/lockfile-1.1.0.tgz#e77a97fbd345b76d83245edcd17d393b1b41fb31"
  integrity sha512-GpSwvyXOcOOlV70vbnzjj4fW5xW/FdUF6nQEt1ENy7m4ZCczi1+/buVUPAqmGfqznsORNFzUMjctTIp8a9tuCQ==

abortable-iterator@^5.0.1:
  version "5.0.1"
  resolved "https://registry.yarnpkg.com/abortable-iterator/-/abortable-iterator-5.0.1.tgz#5d93eba6fa8287a973a9ea090c64ca08b3777780"
  integrity sha512-hlZ5Z8UwqrKsJcelVPEqDduZowJPBQJ9ZhBC2FXpja3lXy8X6MoI5uMzIgmrA8+3jcVnp8TF/tx+IBBqYJNUrg==
  dependencies:
    get-iterator "^2.0.0"
    it-stream-types "^2.0.1"

ansi-styles@^4.1.0:
  version "4.3.0"
  resolved "https://registry.yarnpkg.com/ansi-styles/-/ansi-styles-4.3.0.tgz#edd803628ae71c04c85ae7a0906edad34b648937"
  integrity sha512-zbB9rCJAT1rbjiVDb2hqKFHNYLxgtk8NURxZ3IZwD3F6NtxbXZQCnnSi1Lkx+IDohdPlFp222wVALIheZJQSEg==
  dependencies:
    color-convert "^2.0.1"

at-least-node@^1.0.0:
  version "1.0.0"
  resolved "https://registry.yarnpkg.com/at-least-node/-/at-least-node-1.0.0.tgz#602cd4b46e844ad4effc92a8011a3c46e0238dc2"
  integrity sha512-+q/t7Ekv1EDY2l6Gda6LLiX14rU9TV20Wa3ofeQmwPFZbOMo9DXrLbOjFaaclkXKWidIaopwAObQDqwWtGUjqg==

balanced-match@^1.0.0:
  version "1.0.2"
  resolved "https://registry.yarnpkg.com/balanced-match/-/balanced-match-1.0.2.tgz#e83e3a7e3f300b34cb9d87f615fa0cbf357690ee"
  integrity sha512-3oSeUO0TMV67hN1AmbXsK4yaqU7tjiHlbxRDZOpH0KW9+CeX4bRAaX0Anxt0tx2MrpRpWwQaPwIlISEJhYU5Pw==

brace-expansion@^1.1.7:
  version "1.1.11"
  resolved "https://registry.yarnpkg.com/brace-expansion/-/brace-expansion-1.1.11.tgz#3c7fcbf529d87226f3d2f52b966ff5271eb441dd"
  integrity sha512-iCuPHDFgrHX7H2vEI/5xpz07zSHB00TpugqhmYtVmMO6518mCuRMoOYFldEBl0g187ufozdaHgWKcYFb61qGiA==
  dependencies:
    balanced-match "^1.0.0"
    concat-map "0.0.1"

braces@^3.0.2:
  version "3.0.2"
  resolved "https://registry.yarnpkg.com/braces/-/braces-3.0.2.tgz#3454e1a462ee8d599e236df336cd9ea4f8afe107"
  integrity sha512-b8um+L1RzM3WDSzvhm6gIz1yfTbBt6YTlcEKAvsmqCZZFw46z626lVj9j1yEPW33H5H+lBQpZMP1k8l+78Ha0A==
  dependencies:
    fill-range "^7.0.1"

bufferutil@^4.0.7:
  version "4.0.8"
  resolved "https://registry.yarnpkg.com/bufferutil/-/bufferutil-4.0.8.tgz#1de6a71092d65d7766c4d8a522b261a6e787e8ea"
  integrity sha512-4T53u4PdgsXqKaIctwF8ifXlRTTmEPJ8iEPWFdGZvcf7sbwYo6FKFEX9eNNAnzFZ7EzJAQ3CJeOtCRA4rDp7Pw==
  dependencies:
    node-gyp-build "^4.3.0"

call-bind@^1.0.5:
  version "1.0.5"
  resolved "https://registry.yarnpkg.com/call-bind/-/call-bind-1.0.5.tgz#6fa2b7845ce0ea49bf4d8b9ef64727a2c2e2e513"
  integrity sha512-C3nQxfFZxFRVoJoGKKI8y3MOEo129NQ+FgQ08iye+Mk4zNZZGdjfs06bVTr+DBSlA66Q2VEcMki/cUCP4SercQ==
  dependencies:
    function-bind "^1.1.2"
    get-intrinsic "^1.2.1"
    set-function-length "^1.1.1"

case-anything@^2.1.13:
  version "2.1.13"
  resolved "https://registry.yarnpkg.com/case-anything/-/case-anything-2.1.13.tgz#0cdc16278cb29a7fcdeb072400da3f342ba329e9"
  integrity sha512-zlOQ80VrQ2Ue+ymH5OuM/DlDq64mEm+B9UTdHULv5osUMD6HalNTblf2b1u/m6QecjsnOkBpqVZ+XPwIVsy7Ng==

chalk@^4.1.2:
  version "4.1.2"
  resolved "https://registry.yarnpkg.com/chalk/-/chalk-4.1.2.tgz#aac4e2b7734a740867aeb16bf02aad556a1e7a01"
  integrity sha512-oKnbhFyRIXpUuez8iBMmyEa4nbj4IOQyuhc/wy9kY7/WVPcwIO9VA668Pu8RkO7+0G76SLROeyw9CpQ061i4mA==
  dependencies:
    ansi-styles "^4.1.0"
    supports-color "^7.1.0"

ci-info@^3.7.0:
  version "3.9.0"
  resolved "https://registry.yarnpkg.com/ci-info/-/ci-info-3.9.0.tgz#4279a62028a7b1f262f3473fc9605f5e218c59b4"
  integrity sha512-NIxF55hv4nSqQswkAeiOi1r83xy8JldOFDTWiug55KBu9Jnblncd2U6ViHmYgHf01TPZS77NJBhBMKdWj9HQMQ==

color-convert@^2.0.1:
  version "2.0.1"
  resolved "https://registry.yarnpkg.com/color-convert/-/color-convert-2.0.1.tgz#72d3a68d598c9bdb3af2ad1e84f21d896abd4de3"
  integrity sha512-RRECPsj7iu/xb5oKYcsFHSppFNnsj/52OVTRKb4zP5onXwVF3zVmmToNcOfGC+CRDpfK/U584fMg38ZHCaElKQ==
  dependencies:
    color-name "~1.1.4"

color-name@~1.1.4:
  version "1.1.4"
  resolved "https://registry.yarnpkg.com/color-name/-/color-name-1.1.4.tgz#c2a09a87acbde69543de6f63fa3995c826c536a2"
  integrity sha512-dOy+3AuW3a2wNbZHIuMZpTcgjGuLU/uBL/ubcZF9OXbDo8ff4O8yVp5Bf0efS8uEoYo5q4Fx7dY9OgQGXgAsQA==

concat-map@0.0.1:
  version "0.0.1"
  resolved "https://registry.yarnpkg.com/concat-map/-/concat-map-0.0.1.tgz#d8a96bd77fd68df7793a73036a3ba0d5405d477b"
  integrity sha512-/Srv4dswyQNBfohGpz9o6Yb3Gz3SrUDqBH5rTuhGR7ahtlbYKnVxw2bCFMRljaA7EXHaXZ8wsHdodFvbkhKmqg==

cross-spawn@^7.0.3:
  version "7.0.3"
  resolved "https://registry.yarnpkg.com/cross-spawn/-/cross-spawn-7.0.3.tgz#f73a85b9d5d41d045551c177e2882d4ac85728a6"
  integrity sha512-iRDPJKUPVEND7dHPO8rkbOnPpyDygcDFtWjpeWNCgy8WP2rXcxXL8TskReQl6OrB2G7+UJrags1q15Fudc7G6w==
  dependencies:
    path-key "^3.1.0"
    shebang-command "^2.0.0"
    which "^2.0.1"

debug@^4.3.4:
  version "4.3.4"
  resolved "https://registry.yarnpkg.com/debug/-/debug-4.3.4.tgz#1319f6579357f2338d3337d2cdd4914bb5dcc865"
  integrity sha512-PRWFHuSU3eDtQJPvnNY7Jcket1j0t5OuOsFzPPzsekD52Zl8qUfFIPEiswXqIvHWGVHOgX+7G/vCNNhehwxfkQ==
  dependencies:
    ms "2.1.2"

define-data-property@^1.1.1:
  version "1.1.1"
  resolved "https://registry.yarnpkg.com/define-data-property/-/define-data-property-1.1.1.tgz#c35f7cd0ab09883480d12ac5cb213715587800b3"
  integrity sha512-E7uGkTzkk1d0ByLeSc6ZsFS79Axg+m1P/VsgYsxHgiuc3tFSj+MjMIwe90FC4lOAZzNBdY7kkO2P2wKdsQ1vgQ==
  dependencies:
    get-intrinsic "^1.2.1"
    gopd "^1.0.1"
    has-property-descriptors "^1.0.0"

detect-libc@^1.0.3:
  version "1.0.3"
  resolved "https://registry.yarnpkg.com/detect-libc/-/detect-libc-1.0.3.tgz#fa137c4bd698edf55cd5cd02ac559f91a4c4ba9b"
  integrity sha512-pGjwhsmsp4kL2RTz08wcOlGN83otlqHeD/Z5T8GXZB+/YcpQ/dgo+lbU8ZsGxV0HIvqqxo9l7mqYwyYMD9bKDg==

dns-over-http-resolver@3.0.0:
  version "3.0.0"
  resolved "https://registry.yarnpkg.com/dns-over-http-resolver/-/dns-over-http-resolver-3.0.0.tgz#2a8edcfb1c830cc3fff0cd37f01b824a55fa209a"
  integrity sha512-5+BI+B7n8LKhNaEZBYErr+CBd9t5nYtjunByLhrLGtZ+i3TRgiU8yE87pCjEBu2KOwNsD9ljpSXEbZ4S8xih5g==
  dependencies:
    debug "^4.3.4"
    receptacle "^1.3.2"

dprint-node@^1.0.7:
  version "1.0.8"
  resolved "https://registry.yarnpkg.com/dprint-node/-/dprint-node-1.0.8.tgz#a02470722d8208a7d7eb3704328afda1d6758625"
  integrity sha512-iVKnUtYfGrYcW1ZAlfR/F59cUVL8QIhWoBJoSjkkdua/dkWIgjZfiLMeTjiB06X0ZLkQ0M2C1VbUj/CxkIf1zg==
  dependencies:
    detect-libc "^1.0.3"

err-code@^3.0.1:
  version "3.0.1"
  resolved "https://registry.yarnpkg.com/err-code/-/err-code-3.0.1.tgz#a444c7b992705f2b120ee320b09972eef331c920"
  integrity sha512-GiaH0KJUewYok+eeY05IIgjtAe4Yltygk9Wqp1V5yVWLdhf0hYZchRjNIT9bb0mSwRcIusT3cx7PJUf3zEIfUA==

event-iterator@^2.0.0:
  version "2.0.0"
  resolved "https://registry.yarnpkg.com/event-iterator/-/event-iterator-2.0.0.tgz#10f06740cc1e9fd6bc575f334c2bc1ae9d2dbf62"
  integrity sha512-KGft0ldl31BZVV//jj+IAIGCxkvvUkkON+ScH6zfoX+l+omX6001ggyRSpI0Io2Hlro0ThXotswCtfzS8UkIiQ==

fill-range@^7.0.1:
  version "7.0.1"
  resolved "https://registry.yarnpkg.com/fill-range/-/fill-range-7.0.1.tgz#1919a6a7c75fe38b2c7c77e5198535da9acdda40"
  integrity sha512-qOo9F+dMUmC2Lcb4BbVvnKJxTPjCm+RRpe4gDuGrzkL7mEVl/djYSu2OdQ2Pa302N4oqkSg9ir6jaLWJ2USVpQ==
  dependencies:
    to-regex-range "^5.0.1"

find-yarn-workspace-root@^2.0.0:
  version "2.0.0"
  resolved "https://registry.yarnpkg.com/find-yarn-workspace-root/-/find-yarn-workspace-root-2.0.0.tgz#f47fb8d239c900eb78179aa81b66673eac88f7bd"
  integrity sha512-1IMnbjt4KzsQfnhnzNd8wUEgXZ44IzZaZmnLYx7D5FZlaHt2gW20Cri8Q+E/t5tIj4+epTBub+2Zxu/vNILzqQ==
  dependencies:
    micromatch "^4.0.2"

fs-extra@^9.0.0:
  version "9.1.0"
  resolved "https://registry.yarnpkg.com/fs-extra/-/fs-extra-9.1.0.tgz#5954460c764a8da2094ba3554bf839e6b9a7c86d"
  integrity sha512-hcg3ZmepS30/7BSFqRvoo3DOMQu7IjqxO5nCDt+zM9XWjb33Wg7ziNT+Qvqbuc3+gWpzO02JubVyk2G4Zvo1OQ==
  dependencies:
    at-least-node "^1.0.0"
    graceful-fs "^4.2.0"
    jsonfile "^6.0.1"
    universalify "^2.0.0"

fs.realpath@^1.0.0:
  version "1.0.0"
  resolved "https://registry.yarnpkg.com/fs.realpath/-/fs.realpath-1.0.0.tgz#1504ad2523158caa40db4a2787cb01411994ea4f"
  integrity sha512-OO0pH2lK6a0hZnAdau5ItzHPI6pUlvI7jMVnxUQRtw4owF2wk8lOSabtGDCTP4Ggrg2MbGnWO9X8K1t4+fGMDw==

function-bind@^1.1.2:
  version "1.1.2"
  resolved "https://registry.yarnpkg.com/function-bind/-/function-bind-1.1.2.tgz#2c02d864d97f3ea6c8830c464cbd11ab6eab7a1c"
  integrity sha512-7XHNxH7qX9xG5mIwxkhumTox/MIRNcOgDrxWsMt2pAr23WHp6MrRlN7FBSFpCpr+oVO0F744iUgR82nJMfG2SA==

get-intrinsic@^1.1.3, get-intrinsic@^1.2.1, get-intrinsic@^1.2.2:
  version "1.2.2"
  resolved "https://registry.yarnpkg.com/get-intrinsic/-/get-intrinsic-1.2.2.tgz#281b7622971123e1ef4b3c90fd7539306da93f3b"
  integrity sha512-0gSo4ml/0j98Y3lngkFEot/zhiCeWsbYIlZ+uZOVgzLyLaUw7wxUL+nCTP0XJvJg1AXulJRI3UJi8GsbDuxdGA==
  dependencies:
    function-bind "^1.1.2"
    has-proto "^1.0.1"
    has-symbols "^1.0.3"
    hasown "^2.0.0"

get-iterator@^2.0.0, get-iterator@^2.0.1:
  version "2.0.1"
  resolved "https://registry.yarnpkg.com/get-iterator/-/get-iterator-2.0.1.tgz#a904829f61bace789e0d64bd1a504c511a015c3f"
  integrity sha512-7HuY/hebu4gryTDT7O/XY/fvY9wRByEGdK6QOa4of8npTcv0+NS6frFKABcf6S9EBAsveTuKTsZQQBFMMNILIg==

glob@^7.1.3:
  version "7.2.3"
  resolved "https://registry.yarnpkg.com/glob/-/glob-7.2.3.tgz#b8df0fb802bbfa8e89bd1d938b4e16578ed44f2b"
  integrity sha512-nFR0zLpU2YCaRxwoCJvL6UvCH2JFyFVIvwTLsIf21AuHlMskA1hhTdk+LlYJtOlYt9v6dvszD2BGRqBL+iQK9Q==
  dependencies:
    fs.realpath "^1.0.0"
    inflight "^1.0.4"
    inherits "2"
    minimatch "^3.1.1"
    once "^1.3.0"
    path-is-absolute "^1.0.0"

gopd@^1.0.1:
  version "1.0.1"
  resolved "https://registry.yarnpkg.com/gopd/-/gopd-1.0.1.tgz#29ff76de69dac7489b7c0918a5788e56477c332c"
  integrity sha512-d65bNlIadxvpb/A2abVdlqKqV563juRnZ1Wtk6s1sIR8uNsXR70xqIzVqxVf1eTqDunwT2MkczEeaezCKTZhwA==
  dependencies:
    get-intrinsic "^1.1.3"

graceful-fs@^4.1.11, graceful-fs@^4.1.6, graceful-fs@^4.2.0:
  version "4.2.11"
  resolved "https://registry.yarnpkg.com/graceful-fs/-/graceful-fs-4.2.11.tgz#4183e4e8bf08bb6e05bbb2f7d2e0c8f712ca40e3"
  integrity sha512-RbJ5/jmFcNNCcDV5o9eTnBLJ/HszWV0P73bc+Ff4nS/rJj+YaS6IGyiOL0VoBYX+l1Wrl3k63h/KrH+nhJ0XvQ==

has-flag@^4.0.0:
  version "4.0.0"
  resolved "https://registry.yarnpkg.com/has-flag/-/has-flag-4.0.0.tgz#944771fd9c81c81265c4d6941860da06bb59479b"
  integrity sha512-EykJT/Q1KjTWctppgIAgfSO0tKVuZUjhgMr17kqTumMl6Afv3EISleU7qZUzoXDFTAHTDC4NOoG/ZxU3EvlMPQ==

has-property-descriptors@^1.0.0:
  version "1.0.1"
  resolved "https://registry.yarnpkg.com/has-property-descriptors/-/has-property-descriptors-1.0.1.tgz#52ba30b6c5ec87fd89fa574bc1c39125c6f65340"
  integrity sha512-VsX8eaIewvas0xnvinAe9bw4WfIeODpGYikiWYLH+dma0Jw6KHYqWiWfhQlgOVK8D6PvjubK5Uc4P0iIhIcNVg==
  dependencies:
    get-intrinsic "^1.2.2"

has-proto@^1.0.1:
  version "1.0.1"
  resolved "https://registry.yarnpkg.com/has-proto/-/has-proto-1.0.1.tgz#1885c1305538958aff469fef37937c22795408e0"
  integrity sha512-7qE+iP+O+bgF9clE5+UoBFzE65mlBiVj3tKCrlNQ0Ogwm0BjpT/gK4SlLYDMybDh5I3TCTKnPPa0oMG7JDYrhg==

has-symbols@^1.0.3:
  version "1.0.3"
  resolved "https://registry.yarnpkg.com/has-symbols/-/has-symbols-1.0.3.tgz#bb7b2c4349251dce87b125f7bdf874aa7c8b39f8"
  integrity sha512-l3LCuF6MgDNwTDKkdYGEihYjt5pRPbEg46rtlmnSPlUbgmB8LOIrKJbYYFBSbnPaJexMKtiPO8hmeRjRz2Td+A==

hasown@^2.0.0:
  version "2.0.0"
  resolved "https://registry.yarnpkg.com/hasown/-/hasown-2.0.0.tgz#f4c513d454a57b7c7e1650778de226b11700546c"
  integrity sha512-vUptKVTpIJhcczKBbgnS+RtcuYMB8+oNzPK2/Hp3hanz8JmpATdmmgLgSaadVREkDm+e2giHwY3ZRkyjSIDDFA==
  dependencies:
    function-bind "^1.1.2"

inflight@^1.0.4:
  version "1.0.6"
  resolved "https://registry.yarnpkg.com/inflight/-/inflight-1.0.6.tgz#49bd6331d7d02d0c09bc910a1075ba8165b56df9"
  integrity sha512-k92I/b08q4wvFscXCLvqfsHCrjrF7yiXsQuIVvVE7N82W3+aqpzuUdBbfhWcy/FZR3/4IgflMgKLOsvPDrGCJA==
  dependencies:
    once "^1.3.0"
    wrappy "1"

inherits@2:
  version "2.0.4"
  resolved "https://registry.yarnpkg.com/inherits/-/inherits-2.0.4.tgz#0fa2c64f932917c3433a0ded55363aae37416b7c"
  integrity sha512-k/vGaX4/Yla3WzyMCvTQOXYeIHvqOKtnqBduzTHpzpQZzAskKMhZ2K+EnBiSM9zGSoIFeMpXKxa4dYeZIQqewQ==

interface-datastore@^8.2.0:
  version "8.2.5"
  resolved "https://registry.yarnpkg.com/interface-datastore/-/interface-datastore-8.2.5.tgz#d6959a7a89b22652791397b94a5a3367a1533742"
  integrity sha512-kvLGJMz3RPoJF/g5DbEvfWWempIiSBLVMf63b0PBsziVcSkj0ofzHYI86v8vqpGedkQ81DtPCUKyvX9W7zWvrQ==
  dependencies:
    interface-store "^5.0.0"
    nanoid "^4.0.0"
    uint8arrays "^4.0.2"

interface-store@^5.0.0:
  version "5.1.4"
  resolved "https://registry.yarnpkg.com/interface-store/-/interface-store-5.1.4.tgz#4e9e759964f76750640872db02cc90b04c4c8cf9"
  integrity sha512-SI2co5IAxAybBc9egRM2bXvHOa1RPh5SQQkO6di6t/aX92RbtzP4t8raB0l3GTzQmJADaBbzz8Tfa1QLgfMdGQ==

is-docker@^2.0.0:
  version "2.2.1"
  resolved "https://registry.yarnpkg.com/is-docker/-/is-docker-2.2.1.tgz#33eeabe23cfe86f14bde4408a02c0cfb853acdaa"
  integrity sha512-F+i2BKsFrH66iaUFc0woD8sLy8getkwTwtOBjvs56Cx4CgJDeKQeqfz8wAYiSb8JOprWhHH5p77PbmYCvvUuXQ==

is-number@^7.0.0:
  version "7.0.0"
  resolved "https://registry.yarnpkg.com/is-number/-/is-number-7.0.0.tgz#7535345b896734d5f80c4d06c50955527a14f12b"
  integrity sha512-41Cifkg6e8TylSpdtTpeLVMqvSBEVzTttHvERD741+pnZ8ANv0004MRL43QKPDlK9cGvNp6NZWZUBlbGXYxxng==

is-promise@^4.0.0:
  version "4.0.0"
  resolved "https://registry.yarnpkg.com/is-promise/-/is-promise-4.0.0.tgz#42ff9f84206c1991d26debf520dd5c01042dd2f3"
  integrity sha512-hvpoI6korhJMnej285dSg6nu1+e6uxs7zG3BYAm5byqDsgJNWwxzM6z6iZiAgQR4TJ30JmBTOwqZUw3WlyH3AQ==

is-wsl@^2.1.1:
  version "2.2.0"
  resolved "https://registry.yarnpkg.com/is-wsl/-/is-wsl-2.2.0.tgz#74a4c76e77ca9fd3f932f290c17ea326cd157271"
  integrity sha512-fKzAra0rGJUUBwGBgNkHZuToZcn+TtXHpeCgmkMJMMYx1sQDYaCSyjJBSCa2nH1DGm7s3n1oBnohoVTBaN7Lww==
  dependencies:
    is-docker "^2.0.0"

isarray@^2.0.5:
  version "2.0.5"
  resolved "https://registry.yarnpkg.com/isarray/-/isarray-2.0.5.tgz#8af1e4c1221244cc62459faf38940d4e644a5723"
  integrity sha512-xHjhDr3cNBK0BzdUJSPXZntQUx/mwMS5Rw4A7lPJ90XGAO6ISP/ePDNuo0vhqOZU+UD5JoodwCAAoZQd3FeAKw==

isexe@^2.0.0:
  version "2.0.0"
  resolved "https://registry.yarnpkg.com/isexe/-/isexe-2.0.0.tgz#e8fbf374dc556ff8947a10dcb0572d633f2cfa10"
  integrity sha512-RHxMLp9lnKHGHRng9QFhRCMbYAcVpn69smSGcq3f36xjgVVWThj4qqLbTLlq7Ssj8B+fIQ1EuCEGI2lKsyQeIw==

iso-url@^1.1.2:
  version "1.2.1"
  resolved "https://registry.yarnpkg.com/iso-url/-/iso-url-1.2.1.tgz#db96a49d8d9a64a1c889fc07cc525d093afb1811"
  integrity sha512-9JPDgCN4B7QPkLtYAAOrEuAWvP9rWvR5offAr0/SeF046wIkglqH3VXgYYP6NcsKslH80UIVgmPqNe3j7tG2ng==

isomorphic-ws@^5.0.0:
  version "5.0.0"
  resolved "https://registry.yarnpkg.com/isomorphic-ws/-/isomorphic-ws-5.0.0.tgz#e5529148912ecb9b451b46ed44d53dae1ce04bbf"
  integrity sha512-muId7Zzn9ywDsyXgTIafTry2sV3nySZeUDe6YedVd1Hvuuep5AsIlqK+XefWpYTyJG5e503F2xIuT2lcU6rCSw==

it-first@^3.0.3:
  version "3.0.4"
  resolved "https://registry.yarnpkg.com/it-first/-/it-first-3.0.4.tgz#d68c8ae646ea402cd5e650c352da69988a310342"
  integrity sha512-FtQl84iTNxN5EItP/JgL28V2rzNMkCzTUlNoj41eVdfix2z1DBuLnBqZ0hzYhGGa1rMpbQf0M7CQSA2adlrLJg==

it-foreach@^2.0.3:
  version "2.0.6"
  resolved "https://registry.yarnpkg.com/it-foreach/-/it-foreach-2.0.6.tgz#6e753be551168d746236ca214d19961729470eee"
  integrity sha512-OVosBHJsdXpAyeFlCbe3IGZia+65UykyAznakNsKXK+b99dbhuu/mOnXxTadDEo1GWhKx+WA8RNanKkMf07zQw==
  dependencies:
    it-peekable "^3.0.0"

it-length-prefixed@^9.0.3:
  version "9.0.3"
  resolved "https://registry.yarnpkg.com/it-length-prefixed/-/it-length-prefixed-9.0.3.tgz#73af16f786cab60a0a9bfc2997e88eb26d3a72ca"
  integrity sha512-YAu424ceYpXctxtjcLOqn7vJq082CaoP8J646ZusYISfQc3bpzQErgTUqMFj81V262KG2W9/YMBHsy6A/4yvmg==
  dependencies:
    err-code "^3.0.1"
    it-reader "^6.0.1"
    it-stream-types "^2.0.1"
    uint8-varint "^2.0.1"
    uint8arraylist "^2.0.0"
    uint8arrays "^4.0.2"

it-merge@^3.0.0:
  version "3.0.3"
  resolved "https://registry.yarnpkg.com/it-merge/-/it-merge-3.0.3.tgz#c7d407c8e0473accf7f9958ce2e0f60276002e84"
  integrity sha512-FYVU15KC5pb/GQX1Ims+lee8d4pdqGVCpWr0lkNj8o4xuNo7jY71k6GuEiWdP+T7W1bJqewSxX5yoTy5yZpRVA==
  dependencies:
    it-pushable "^3.2.0"

it-peekable@^3.0.0:
  version "3.0.3"
  resolved "https://registry.yarnpkg.com/it-peekable/-/it-peekable-3.0.3.tgz#5f5741f34f3acd5735804f40d198652c54a3d8c1"
  integrity sha512-Wx21JX/rMzTEl9flx3DGHuPV1KQFGOl8uoKfQtmZHgPQtGb89eQ6RyVd82h3HuP9Ghpt0WgBDlmmdWeHXqyx7w==

it-pipe@^3.0.1:
  version "3.0.1"
  resolved "https://registry.yarnpkg.com/it-pipe/-/it-pipe-3.0.1.tgz#b25720df82f4c558a8532602b5fbc37bbe4e7ba5"
  integrity sha512-sIoNrQl1qSRg2seYSBH/3QxWhJFn9PKYvOf/bHdtCBF0bnghey44VyASsWzn5dAx0DCDDABq1hZIuzKmtBZmKA==
  dependencies:
    it-merge "^3.0.0"
    it-pushable "^3.1.2"
    it-stream-types "^2.0.1"

it-pushable@^3.1.2, it-pushable@^3.2.0, it-pushable@^3.2.3:
  version "3.2.3"
  resolved "https://registry.yarnpkg.com/it-pushable/-/it-pushable-3.2.3.tgz#e2b80aed90cfbcd54b620c0a0785e546d4e5f334"
  integrity sha512-gzYnXYK8Y5t5b/BnJUr7glfQLO4U5vyb05gPx/TyTw+4Bv1zM9gFk4YsOrnulWefMewlphCjKkakFvj1y99Tcg==
  dependencies:
    p-defer "^4.0.0"

it-reader@^6.0.1:
  version "6.0.4"
  resolved "https://registry.yarnpkg.com/it-reader/-/it-reader-6.0.4.tgz#439cb88225dcd15116be0ffde9e846a928c3871a"
  integrity sha512-XCWifEcNFFjjBHtor4Sfaj8rcpt+FkY0L6WdhD578SCDhV4VUm7fCkF3dv5a+fTcfQqvN9BsxBTvWbYO6iCjTg==
  dependencies:
    it-stream-types "^2.0.1"
    uint8arraylist "^2.0.0"

it-stream-types@^2.0.1:
  version "2.0.1"
  resolved "https://registry.yarnpkg.com/it-stream-types/-/it-stream-types-2.0.1.tgz#69cb4d7e79e707b8257a8997e02751ccb6c3af32"
  integrity sha512-6DmOs5r7ERDbvS4q8yLKENcj6Yecr7QQTqWApbZdfAUTEC947d+PEha7PCqhm//9oxaLYL7TWRekwhoXl2s6fg==

it-ws@^6.0.5:
  version "6.0.5"
  resolved "https://registry.yarnpkg.com/it-ws/-/it-ws-6.0.5.tgz#2daad0b985db8c3b14a9536a2127ca60f9cd218d"
  integrity sha512-xp7tF4fHgx8+vN3Qy/8wGiWUKbC9E1U1g9PwtlbdxD7pY4zld71ZyWZVFHLxnxxg14T9mVNK5uO7U9HK11VQ5g==
  dependencies:
    "@types/ws" "^8.2.2"
    event-iterator "^2.0.0"
    iso-url "^1.1.2"
    it-stream-types "^2.0.1"
    uint8arrays "^4.0.2"
    ws "^8.4.0"

json-stable-stringify@^1.0.2:
  version "1.1.0"
  resolved "https://registry.yarnpkg.com/json-stable-stringify/-/json-stable-stringify-1.1.0.tgz#43d39c7c8da34bfaf785a61a56808b0def9f747d"
  integrity sha512-zfA+5SuwYN2VWqN1/5HZaDzQKLJHaBVMZIIM+wuYjdptkaQsqzDdqjqf+lZZJUuJq1aanHiY8LhH8LmH+qBYJA==
  dependencies:
    call-bind "^1.0.5"
    isarray "^2.0.5"
    jsonify "^0.0.1"
    object-keys "^1.1.1"

jsonfile@^6.0.1:
  version "6.1.0"
  resolved "https://registry.yarnpkg.com/jsonfile/-/jsonfile-6.1.0.tgz#bc55b2634793c679ec6403094eb13698a6ec0aae"
  integrity sha512-5dgndWOriYSm5cnYaJNhalLNDKOqFwyDB/rr1E9ZsGciGvKPs8R2xYGCacuf3z6K1YKDz182fd+fY3cn3pMqXQ==
  dependencies:
    universalify "^2.0.0"
  optionalDependencies:
    graceful-fs "^4.1.6"

jsonify@^0.0.1:
  version "0.0.1"
  resolved "https://registry.yarnpkg.com/jsonify/-/jsonify-0.0.1.tgz#2aa3111dae3d34a0f151c63f3a45d995d9420978"
  integrity sha512-2/Ki0GcmuqSrgFyelQq9M05y7PS0mEwuIzrf3f1fPqkVDVRvZrPZtVSMHxdgo8Aq0sxAOb/cr2aqqA3LeWHVPg==

klaw-sync@^6.0.0:
  version "6.0.0"
  resolved "https://registry.yarnpkg.com/klaw-sync/-/klaw-sync-6.0.0.tgz#1fd2cfd56ebb6250181114f0a581167099c2b28c"
  integrity sha512-nIeuVSzdCCs6TDPTqI8w1Yre34sSq7AkZ4B3sfOBbI2CgVSB4Du4aLQijFU2+lhAFCwt9+42Hel6lQNIv6AntQ==
  dependencies:
    graceful-fs "^4.1.11"

long@^5.0.0, long@^5.2.0, long@^5.2.3:
  version "5.2.3"
  resolved "https://registry.yarnpkg.com/long/-/long-5.2.3.tgz#a3ba97f3877cf1d778eccbcb048525ebb77499e1"
  integrity sha512-lcHwpNoggQTObv5apGNCTdJrO69eHOZMi4BNC+rTLER8iHAqGrUVeLh/irVIM7zTw2bOXA8T6uNPeujwOLg/2Q==

lru-cache@^6.0.0:
  version "6.0.0"
  resolved "https://registry.yarnpkg.com/lru-cache/-/lru-cache-6.0.0.tgz#6d6fe6570ebd96aaf90fcad1dafa3b2566db3a94"
  integrity sha512-Jo6dJ04CmSjuznwJSS3pUeWmd/H0ffTlkXXgwZi+eq1UCmqQwCh+eLsYOYCwY991i2Fah4h1BEMCx4qThGbsiA==
  dependencies:
    yallist "^4.0.0"

memoize-one@^6.0.0:
  version "6.0.0"
  resolved "https://registry.yarnpkg.com/memoize-one/-/memoize-one-6.0.0.tgz#b2591b871ed82948aee4727dc6abceeeac8c1045"
  integrity sha512-rkpe71W0N0c0Xz6QD0eJETuWAJGnJ9afsl1srmwPrI+yBCkge5EycXXbYRyvL29zZVUWQCY7InPRCv3GDXuZNw==

micromatch@^4.0.2:
  version "4.0.5"
  resolved "https://registry.yarnpkg.com/micromatch/-/micromatch-4.0.5.tgz#bc8999a7cbbf77cdc89f132f6e467051b49090c6"
  integrity sha512-DMy+ERcEW2q8Z2Po+WNXuw3c5YaUSFjAO5GsJqfEl7UjvtIuFKO6ZrKvcItdy98dwFI2N1tg3zNIdKaQT+aNdA==
  dependencies:
    braces "^3.0.2"
    picomatch "^2.3.1"

minimatch@^3.1.1:
  version "3.1.2"
  resolved "https://registry.yarnpkg.com/minimatch/-/minimatch-3.1.2.tgz#19cd194bfd3e428f049a70817c038d89ab4be35b"
  integrity sha512-J7p63hRiAjw1NDEww1W7i37+ByIrOWO5XQQAzZ3VOcL0PNybwpfmV/N05zFAzwQ9USyEcX6t3UO+K5aqBQOIHw==
  dependencies:
    brace-expansion "^1.1.7"

minimist@^1.2.6:
  version "1.2.8"
  resolved "https://registry.yarnpkg.com/minimist/-/minimist-1.2.8.tgz#c1a464e7693302e082a075cee0c057741ac4772c"
  integrity sha512-2yyAR8qBkN3YuheJanUpWC5U3bb5osDywNB8RzDVlDwDHbocAJveqqj1u8+SVD7jkWT4yvsHCpWqqWqAxb0zCA==

ms@2.1.2:
  version "2.1.2"
  resolved "https://registry.yarnpkg.com/ms/-/ms-2.1.2.tgz#d09d1f357b443f493382a8eb3ccd183872ae6009"
  integrity sha512-sGkPx+VjMtmA6MX27oA4FBFELFCZZ4S4XqeGOXCv68tT+jb3vk/RyaKWP0PTKyWtmLSM0b+adUTEvbs1PEaH2w==

ms@^2.1.1:
  version "2.1.3"
  resolved "https://registry.yarnpkg.com/ms/-/ms-2.1.3.tgz#574c8138ce1d2b5861f0b44579dbadd60c6615b2"
  integrity sha512-6FlzubTLZG3J2a/NVCAleEhjzq5oxgHyaCU9yYXvcLsvoVaHJq/s5xXI6/XXP6tz7R9xAOtHnSO/tXtF3WRTlA==

multiformats@^12.0.1:
  version "12.1.3"
  resolved "https://registry.yarnpkg.com/multiformats/-/multiformats-12.1.3.tgz#cbf7a9861e11e74f8228b21376088cb43ba8754e"
  integrity sha512-eajQ/ZH7qXZQR2AgtfpmSMizQzmyYVmCql7pdhldPuYQi4atACekbJaQplk6dWyIi10jCaFnd6pqvcEFXjbaJw==

nanoid@^4.0.0:
  version "4.0.2"
  resolved "https://registry.yarnpkg.com/nanoid/-/nanoid-4.0.2.tgz#140b3c5003959adbebf521c170f282c5e7f9fb9e"
  integrity sha512-7ZtY5KTCNheRGfEFxnedV5zFiORN1+Y1N6zvPTnHQd8ENUvfaDBeuJDZb2bN/oXwXxu3qkTXDzy57W5vAmDTBw==

node-gyp-build@^4.3.0:
  version "4.7.0"
  resolved "https://registry.yarnpkg.com/node-gyp-build/-/node-gyp-build-4.7.0.tgz#749f0033590b2a89ac8edb5e0775f95f5ae86d15"
  integrity sha512-PbZERfeFdrHQOOXiAKOY0VPbykZy90ndPKk0d+CFDegTKmWp1VgOTz2xACVbr1BjCWxrQp68CXtvNsveFhqDJg==

object-keys@^1.1.1:
  version "1.1.1"
  resolved "https://registry.yarnpkg.com/object-keys/-/object-keys-1.1.1.tgz#1c47f272df277f3b1daf061677d9c82e2322c60e"
  integrity sha512-NuAESUOUMrlIXOfHKzD6bpPu3tYt3xvjNdRIQ+FeT0lNb4K8WR70CaDxhuNguS2XG+GjkyMwOzsN5ZktImfhLA==

once@^1.3.0:
  version "1.4.0"
  resolved "https://registry.yarnpkg.com/once/-/once-1.4.0.tgz#583b1aa775961d4b113ac17d9c50baef9dd76bd1"
  integrity sha512-lNaJgI+2Q5URQBkccEKHTQOPaXdUxnZZElQTZY0MFUAuaEqe1E+Nyvgdz/aIyNi6Z9MzO5dv1H8n58/GELp3+w==
  dependencies:
    wrappy "1"

open@^7.4.2:
  version "7.4.2"
  resolved "https://registry.yarnpkg.com/open/-/open-7.4.2.tgz#b8147e26dcf3e426316c730089fd71edd29c2321"
  integrity sha512-MVHddDVweXZF3awtlAS+6pgKLlm/JgxZ90+/NBurBoQctVOOB/zDdVjcyPzQ+0laDGbsWgrRkflI65sQeOgT9Q==
  dependencies:
    is-docker "^2.0.0"
    is-wsl "^2.1.1"

os-tmpdir@~1.0.2:
  version "1.0.2"
  resolved "https://registry.yarnpkg.com/os-tmpdir/-/os-tmpdir-1.0.2.tgz#bbe67406c79aa85c5cfec766fe5734555dfa1274"
  integrity sha512-D2FR03Vir7FIu45XBY20mTb+/ZSWB00sjU9jdQXt83gDrI4Ztz5Fs7/yy74g2N5SVQY4xY1qDr4rNddwYRVX0g==

p-defer@^4.0.0:
  version "4.0.0"
  resolved "https://registry.yarnpkg.com/p-defer/-/p-defer-4.0.0.tgz#8082770aeeb10eb6b408abe91866738741ddd5d2"
  integrity sha512-Vb3QRvQ0Y5XnF40ZUWW7JfLogicVh/EnA5gBIvKDJoYpeI82+1E3AlB9yOcKFS0AhHrWVnAQO39fbR0G99IVEQ==

patch-package@^8.0.0:
  version "8.0.0"
  resolved "https://registry.yarnpkg.com/patch-package/-/patch-package-8.0.0.tgz#d191e2f1b6e06a4624a0116bcb88edd6714ede61"
  integrity sha512-da8BVIhzjtgScwDJ2TtKsfT5JFWz1hYoBl9rUQ1f38MC2HwnEIkK8VN3dKMKcP7P7bvvgzNDbfNHtx3MsQb5vA==
  dependencies:
    "@yarnpkg/lockfile" "^1.1.0"
    chalk "^4.1.2"
    ci-info "^3.7.0"
    cross-spawn "^7.0.3"
    find-yarn-workspace-root "^2.0.0"
    fs-extra "^9.0.0"
    json-stable-stringify "^1.0.2"
    klaw-sync "^6.0.0"
    minimist "^1.2.6"
    open "^7.4.2"
    rimraf "^2.6.3"
    semver "^7.5.3"
    slash "^2.0.0"
    tmp "^0.0.33"
    yaml "^2.2.2"

path-is-absolute@^1.0.0:
  version "1.0.1"
  resolved "https://registry.yarnpkg.com/path-is-absolute/-/path-is-absolute-1.0.1.tgz#174b9268735534ffbc7ace6bf53a5a9e1b5c5f5f"
  integrity sha512-AVbw3UJ2e9bq64vSaS9Am0fje1Pa8pbGqTTsmXfaIiMpnr5DlDhfJOuLj9Sf95ZPVDAUerDfEk88MPmPe7UCQg==

path-key@^3.1.0:
  version "3.1.1"
  resolved "https://registry.yarnpkg.com/path-key/-/path-key-3.1.1.tgz#581f6ade658cbba65a0d3380de7753295054f375"
  integrity sha512-ojmeN0qd+y0jszEtoY48r0Peq5dwMEkIlCOu6Q5f41lfkswXuKtYrhgoTpLnyIcHm24Uhqx+5Tqm2InSwLhE6Q==

picomatch@^2.3.1:
  version "2.3.1"
  resolved "https://registry.yarnpkg.com/picomatch/-/picomatch-2.3.1.tgz#3ba3833733646d9d3e4995946c1365a67fb07a42"
  integrity sha512-JU3teHTNjmE2VCGFzuY8EXzCDVwEqB2a8fsIvwaStHhAWJEeVd1o1QD80CU6+ZdEXXSLbSsuLwJjkCBWqRQUVA==

prettier@^3.0.0:
  version "3.1.1"
  resolved "https://registry.yarnpkg.com/prettier/-/prettier-3.1.1.tgz#6ba9f23165d690b6cbdaa88cb0807278f7019848"
  integrity sha512-22UbSzg8luF4UuZtzgiUOfcGM8s4tjBv6dJRT7j275NXsy2jb4aJa4NNveul5x4eqlF1wuhuR2RElK71RvmVaw==

protobufjs@^7.0.0, protobufjs@^7.2.4, protobufjs@^7.2.5:
  version "7.2.5"
  resolved "https://registry.yarnpkg.com/protobufjs/-/protobufjs-7.2.5.tgz#45d5c57387a6d29a17aab6846dcc283f9b8e7f2d"
  integrity sha512-gGXRSXvxQ7UiPgfw8gevrfRWcTlSbOFg+p/N+JVJEK5VhueL2miT6qTymqAmjr1Q5WbOCyJbyrk6JfWKwlFn6A==
  dependencies:
    "@protobufjs/aspromise" "^1.1.2"
    "@protobufjs/base64" "^1.1.2"
    "@protobufjs/codegen" "^2.0.4"
    "@protobufjs/eventemitter" "^1.1.0"
    "@protobufjs/fetch" "^1.1.0"
    "@protobufjs/float" "^1.0.2"
    "@protobufjs/inquire" "^1.1.0"
    "@protobufjs/path" "^1.1.2"
    "@protobufjs/pool" "^1.1.0"
    "@protobufjs/utf8" "^1.1.0"
    "@types/node" ">=13.7.0"
    long "^5.0.0"

race-signal@^1.0.0:
  version "1.0.2"
  resolved "https://registry.yarnpkg.com/race-signal/-/race-signal-1.0.2.tgz#e42379fba0cec4ee8dab7c9bbbd4aa6e0d14c25f"
  integrity sha512-o3xNv0iTcIDQCXFlF6fPAMEBRjFxssgGoRqLbg06m+AdzEXXLUmoNOoUHTVz2NoBI8hHwKFKoC6IqyNtWr2bww==

receptacle@^1.3.2:
  version "1.3.2"
  resolved "https://registry.yarnpkg.com/receptacle/-/receptacle-1.3.2.tgz#a7994c7efafc7a01d0e2041839dab6c4951360d2"
  integrity sha512-HrsFvqZZheusncQRiEE7GatOAETrARKV/lnfYicIm8lbvp/JQOdADOfhjBd2DajvoszEyxSM6RlAAIZgEoeu/A==
  dependencies:
    ms "^2.1.1"

rimraf@^2.6.3:
  version "2.7.1"
  resolved "https://registry.yarnpkg.com/rimraf/-/rimraf-2.7.1.tgz#35797f13a7fdadc566142c29d4f07ccad483e3ec"
  integrity sha512-uWjbaKIK3T1OSVptzX7Nl6PvQ3qAGtKEtVRjRuazjfL3Bx5eI409VZSqgND+4UNnmzLVdPj9FqFJNPqBZFve4w==
  dependencies:
    glob "^7.1.3"

semver@^7.5.3:
  version "7.5.4"
  resolved "https://registry.yarnpkg.com/semver/-/semver-7.5.4.tgz#483986ec4ed38e1c6c48c34894a9182dbff68a6e"
  integrity sha512-1bCSESV6Pv+i21Hvpxp3Dx+pSD8lIPt8uVjRrxAUt/nbswYc+tK6Y2btiULjd4+fnq15PX+nqQDC7Oft7WkwcA==
  dependencies:
    lru-cache "^6.0.0"

set-function-length@^1.1.1:
  version "1.1.1"
  resolved "https://registry.yarnpkg.com/set-function-length/-/set-function-length-1.1.1.tgz#4bc39fafb0307224a33e106a7d35ca1218d659ed"
  integrity sha512-VoaqjbBJKiWtg4yRcKBQ7g7wnGnLV3M8oLvVWwOk2PdYY6PEFegR1vezXR0tw6fZGF9csVakIRjrJiy2veSBFQ==
  dependencies:
    define-data-property "^1.1.1"
    get-intrinsic "^1.2.1"
    gopd "^1.0.1"
    has-property-descriptors "^1.0.0"

shebang-command@^2.0.0:
  version "2.0.0"
  resolved "https://registry.yarnpkg.com/shebang-command/-/shebang-command-2.0.0.tgz#ccd0af4f8835fbdc265b82461aaf0c36663f34ea"
  integrity sha512-kHxr2zZpYtdmrN1qDjrrX/Z1rR1kG8Dx+gkpK1G4eXmvXswmcE1hTWBWYUzlraYw1/yZp6YuDY77YtvbN0dmDA==
  dependencies:
    shebang-regex "^3.0.0"

shebang-regex@^3.0.0:
  version "3.0.0"
  resolved "https://registry.yarnpkg.com/shebang-regex/-/shebang-regex-3.0.0.tgz#ae16f1644d873ecad843b0307b143362d4c42172"
  integrity sha512-7++dFhtcx3353uBaq8DDR4NuxBetBzC7ZQOhmTQInHEd6bSrXdiEyzCvG07Z44UYdLShWUyXt5M/yhz8ekcb1A==

slash@^2.0.0:
  version "2.0.0"
  resolved "https://registry.yarnpkg.com/slash/-/slash-2.0.0.tgz#de552851a1759df3a8f206535442f5ec4ddeab44"
  integrity sha512-ZYKh3Wh2z1PpEXWr0MpSBZ0V6mZHAQfYevttO11c51CaWjGTaadiKZ+wVt1PbMlDV5qhMFslpZCemhwOK7C89A==

starpc@^0.21.2:
  version "0.21.4"
  resolved "https://registry.yarnpkg.com/starpc/-/starpc-0.21.4.tgz#f2eaaa7c9dc84983daf388d492ce2a7ef919b56a"
  integrity sha512-8b73waxZnI1fTNfIzzU6LlcyQ1NxPErqV6BYuTtIjWSMEBZgnsyr+H7tHebmmo0kL2gYxTlbj0oLw8UPysOWDQ==
  dependencies:
    "@chainsafe/libp2p-yamux" "^5.0.0"
    "@libp2p/interface" "^0.1.2"
    event-iterator "^2.0.0"
    is-promise "^4.0.0"
    isomorphic-ws "^5.0.0"
    it-first "^3.0.3"
    it-length-prefixed "^9.0.3"
    it-pipe "^3.0.1"
    it-pushable "^3.2.3"
    it-stream-types "^2.0.1"
    it-ws "^6.0.5"
    long "^5.2.3"
    memoize-one "^6.0.0"
    patch-package "^8.0.0"
    protobufjs "^7.2.5"
    uint8arraylist "^2.4.3"
    ws "^8.14.2"

supports-color@^7.1.0:
  version "7.2.0"
  resolved "https://registry.yarnpkg.com/supports-color/-/supports-color-7.2.0.tgz#1b7dcdcb32b8138801b3e478ba6a51caa89648da"
  integrity sha512-qpCAvRl9stuOHveKsn7HncJRvv501qIacKzQlO/+Lwxc9+0q2wLyv4Dfvt80/DPn2pqOBsJdDiogXGR9+OvwRw==
  dependencies:
    has-flag "^4.0.0"

tmp@^0.0.33:
  version "0.0.33"
  resolved "https://registry.yarnpkg.com/tmp/-/tmp-0.0.33.tgz#6d34335889768d21b2bcda0aa277ced3b1bfadf9"
  integrity sha512-jRCJlojKnZ3addtTOjdIqoRuPEKBvNXcGYqzO6zWZX8KfKEpnGY5jfggJQ3EjKuu8D4bJRr0y+cYJFmYbImXGw==
  dependencies:
    os-tmpdir "~1.0.2"

to-regex-range@^5.0.1:
  version "5.0.1"
  resolved "https://registry.yarnpkg.com/to-regex-range/-/to-regex-range-5.0.1.tgz#1648c44aae7c8d988a326018ed72f5b4dd0392e4"
  integrity sha512-65P7iz6X5yEr1cwcgvQxbbIw7Uk3gOy5dIdtZ4rDveLqhrdJP+Li/Hx6tyK0NEb+2GCyneCMJiGqrADCSNk8sQ==
  dependencies:
    is-number "^7.0.0"

ts-poet@6.6.0, ts-poet@^6.5.0:
  version "6.6.0"
  resolved "https://registry.yarnpkg.com/ts-poet/-/ts-poet-6.6.0.tgz#cea8a278bcccf7092f4856c46b556a833a119a96"
  integrity sha512-4vEH/wkhcjRPFOdBwIh9ItO6jOoumVLRF4aABDX5JSNEubSqwOulihxQPqai+OkuygJm3WYMInxXQX4QwVNMuw==
  dependencies:
    dprint-node "^1.0.7"

ts-proto-descriptors@1.15.0:
  version "1.15.0"
  resolved "https://registry.yarnpkg.com/ts-proto-descriptors/-/ts-proto-descriptors-1.15.0.tgz#e859e3a2887da2d954c552524719b80bdb6ee355"
  integrity sha512-TYyJ7+H+7Jsqawdv+mfsEpZPTIj9siDHS6EMCzG/z3b/PZiphsX+mWtqFfFVe5/N0Th6V3elK9lQqjnrgTOfrg==
  dependencies:
    long "^5.2.3"
    protobufjs "^7.2.4"

ts-proto@^1.158.0:
  version "1.165.1"
  resolved "https://registry.yarnpkg.com/ts-proto/-/ts-proto-1.165.1.tgz#bb146aabcc07367084b065f4b61de2f41ffb6529"
  integrity sha512-tn/sj9i31Q4d3/HtN2PFMU/OQwrBYP2cfhYo75cPpO2ks7unFxf1/oMdIt/2woCcOwRclxruGCrs7Ljdl9BPkw==
  dependencies:
    case-anything "^2.1.13"
    protobufjs "^7.2.4"
    ts-poet "^6.5.0"
    ts-proto-descriptors "1.15.0"

typescript@^5.0.0:
  version "5.3.3"
  resolved "https://registry.yarnpkg.com/typescript/-/typescript-5.3.3.tgz#b3ce6ba258e72e6305ba66f5c9b452aaee3ffe37"
  integrity sha512-pXWcraxM0uxAS+tN0AG/BF2TyqmHO014Z070UsJ+pFvYuRSq8KH8DmWpnbXe0pEPDHXZV3FcAbJkijJ5oNEnWw==

uint8-varint@^2.0.1:
  version "2.0.2"
  resolved "https://registry.yarnpkg.com/uint8-varint/-/uint8-varint-2.0.2.tgz#bbb140213ecd21da55da77876df954f971da0b90"
  integrity sha512-LZXmBT0jiHR7J4oKM1GUhtdLFW1yPauzI8NjJlotXn92TprO9u8VMvEVR4QMk8xhUVUd+2fqfU2/kGbVHYSSWw==
  dependencies:
    uint8arraylist "^2.0.0"
    uint8arrays "^4.0.2"

uint8arraylist@^2.0.0, uint8arraylist@^2.4.3:
  version "2.4.3"
  resolved "https://registry.yarnpkg.com/uint8arraylist/-/uint8arraylist-2.4.3.tgz#1148aa979b407d382e4eb8d9c8f2b4bf3f5910d5"
  integrity sha512-oEVZr4/GrH87K0kjNce6z8pSCzLEPqHNLNR5sj8cJOySrTP8Vb/pMIbZKLJGhQKxm1TiZ31atNrpn820Pyqpow==
  dependencies:
    uint8arrays "^4.0.2"

uint8arrays@^4.0.2:
  version "4.0.6"
  resolved "https://registry.yarnpkg.com/uint8arrays/-/uint8arrays-4.0.6.tgz#bae68b536c2e87147045b95d73d29e503e45ecab"
  integrity sha512-4ZesjQhqOU2Ip6GPReIwN60wRxIupavL8T0Iy36BBHr2qyMrNxsPJvr7vpS4eFt8F8kSguWUPad6ZM9izs/vyw==
  dependencies:
    multiformats "^12.0.1"

undici-types@~5.26.4:
  version "5.26.5"
  resolved "https://registry.yarnpkg.com/undici-types/-/undici-types-5.26.5.tgz#bcd539893d00b56e964fd2657a4866b221a65617"
  integrity sha512-JlCMO+ehdEIKqlFxk6IfVoAUVmgz7cU7zD/h9XZ0qzeosSHmUJVOzSQvvYSYWXkFXC+IfLKSIffhv0sVZup6pA==

universalify@^2.0.0:
  version "2.0.0"
  resolved "https://registry.yarnpkg.com/universalify/-/universalify-2.0.0.tgz#75a4984efedc4b08975c5aeb73f530d02df25717"
  integrity sha512-hAZsKq7Yy11Zu1DE0OzWjw7nnLZmJZYTDZZyEFHZdUhV8FkH5MCfoU1XMaxXovpyW5nq5scPqq0ZDP9Zyl04oQ==

utf-8-validate@^6.0.3:
  version "6.0.3"
  resolved "https://registry.yarnpkg.com/utf-8-validate/-/utf-8-validate-6.0.3.tgz#7d8c936d854e86b24d1d655f138ee27d2636d777"
  integrity sha512-uIuGf9TWQ/y+0Lp+KGZCMuJWc3N9BHA+l/UmHd/oUHwJJDeysyTRxNQVkbzsIWfGFbRe3OcgML/i0mvVRPOyDA==
  dependencies:
    node-gyp-build "^4.3.0"

which@^2.0.1:
  version "2.0.2"
  resolved "https://registry.yarnpkg.com/which/-/which-2.0.2.tgz#7c6a8dd0a636a0327e10b59c9286eee93f3f51b1"
  integrity sha512-BLI3Tl1TW3Pvl70l3yq3Y64i+awpwXqsGBYWkkqMtnbXgrMD+yj7rhW0kuEDxzJaYXGjEW5ogapKNMEKNMjibA==
  dependencies:
    isexe "^2.0.0"

wrappy@1:
  version "1.0.2"
  resolved "https://registry.yarnpkg.com/wrappy/-/wrappy-1.0.2.tgz#b5243d8f3ec1aa35f1364605bc0d1036e30ab69f"
  integrity sha512-l4Sp/DRseor9wL6EvV2+TuQn63dMkPjZ/sp9XkghTEbV9KlPS1xUsZ3u7/IQO4wxtcFB4bgpQPRcR3QCvezPcQ==

ws@^8.14.2, ws@^8.4.0:
  version "8.14.2"
  resolved "https://registry.yarnpkg.com/ws/-/ws-8.14.2.tgz#6c249a806eb2db7a20d26d51e7709eab7b2e6c7f"
  integrity sha512-wEBG1ftX4jcglPxgFCMJmZ2PLtSbJ2Peg6TmpJFTbe9GZYOQCDPdMYu/Tm0/bGZkw8paZnJY45J4K2PZrLYq8g==

yallist@^4.0.0:
  version "4.0.0"
  resolved "https://registry.yarnpkg.com/yallist/-/yallist-4.0.0.tgz#9bb92790d9c0effec63be73519e11a35019a3a72"
  integrity sha512-3wdGidZyq5PB084XLES5TpOSRA3wjXAlIWMhum2kRcv/41Sn2emQ0dycQW4uZXLejwKvg6EsvbdlVL+FYEct7A==

yaml@^2.2.2:
  version "2.3.4"
  resolved "https://registry.yarnpkg.com/yaml/-/yaml-2.3.4.tgz#53fc1d514be80aabf386dc6001eb29bf3b7523b2"
  integrity sha512-8aAvwVUSHpfEqTQ4w/KMlf3HcRdt50E5ODIQJBw1fQ5RL34xabzxtUlzTXVqc4rkZsPbvrXKWnABCD7kWSmocA==
